
Microsoft Visual Studio Solution File, Format Version 12.00
# Visual Studio 15
VisualStudioVersion = 15.0.27004.2010
MinimumVisualStudioVersion = 10.0.40219.1
Project("{FAE04EC0-301F-11D3-BF4B-00C04F79EFBC}") = "DnDCharacterSheet", "DnDCharacterSheet\DnDCharacterSheet.csproj", "{23E551E6-F3AA-434D-A3A4-136F459A1531}"
	ProjectSection(ProjectDependencies) = postProject
		{C6D9EBF1-9288-4613-B7F9-EB4E006B6342} = {C6D9EBF1-9288-4613-B7F9-EB4E006B6342}
	EndProjectSection
EndProject
Project("{FAE04EC0-301F-11D3-BF4B-00C04F79EFBC}") = "UnitTests", "UnitTests\UnitTests.csproj", "{E0A5642E-5605-466F-8A7F-3814F29191BE}"
EndProject
Project("{FAE04EC0-301F-11D3-BF4B-00C04F79EFBC}") = "CustomForms", "CustomForms\CustomForms.csproj", "{C9698281-9747-446D-ABF8-CA59C58F0D22}"
EndProject
Project("{FAE04EC0-301F-11D3-BF4B-00C04F79EFBC}") = "CustomForms.API", "CustomForms.API\CustomForms.API.csproj", "{A7595DCF-56B4-4908-A6C4-D1DC0079F616}"
EndProject
Project("{FAE04EC0-301F-11D3-BF4B-00C04F79EFBC}") = "FormApp", "FormApp\FormApp.csproj", "{D619C3FE-5949-456A-BF8A-76A9CA1B1C57}"
EndProject
Project("{FAE04EC0-301F-11D3-BF4B-00C04F79EFBC}") = "DataManipulation", "DataManipulation\DataManipulation.csproj", "{DEF243DB-40A8-4E29-ADA0-5DCA766448AC}"
EndProject
Project("{FAE04EC0-301F-11D3-BF4B-00C04F79EFBC}") = "DataManipulation.API", "DataManipulation.API\DataManipulation.API.csproj", "{CAB5D56C-12A3-4A92-9BC6-A28B4784725C}"
EndProject
Project("{FAE04EC0-301F-11D3-BF4B-00C04F79EFBC}") = "CustomFormStructures", "CustomFormStructures\CustomFormStructures.csproj", "{C6D9EBF1-9288-4613-B7F9-EB4E006B6342}"
EndProject
Project("{FAE04EC0-301F-11D3-BF4B-00C04F79EFBC}") = "CustomFormStructures.API", "CustomFormStructures.API\CustomFormStructures.API.csproj", "{6865004E-407F-4ABD-8D17-57CCD8F471B6}"
EndProject
Project("{FAE04EC0-301F-11D3-BF4B-00C04F79EFBC}") = "SqlDatabase", "SqlDatabase\SqlDatabase.csproj", "{93BD93C5-7820-495B-BDA8-A41D37E2D852}"
EndProject
Project("{FAE04EC0-301F-11D3-BF4B-00C04F79EFBC}") = "SqlDatabase.API", "SqlDatabase.API\SqlDatabase.API.csproj", "{FE714E67-AB32-4B5B-AB13-F1A58DE50935}"
EndProject
Project("{FAE04EC0-301F-11D3-BF4B-00C04F79EFBC}") = "Utilities.API", "Utilities.API\Utilities.API.csproj", "{8C2B367F-BA2F-48B7-A877-D55EA72ED9D7}"
EndProject
Project("{FAE04EC0-301F-11D3-BF4B-00C04F79EFBC}") = "Utilities", "Utilities\Utilities.csproj", "{1632B768-4973-428D-8733-8E859D1EFAB5}"
EndProject
Project("{FAE04EC0-301F-11D3-BF4B-00C04F79EFBC}") = "IntegrationTests", "IntegrationTests\IntegrationTests.csproj", "{D62FD153-1371-476A-AB0C-ABD6DFFADE6D}"
EndProject
Project("{2150E333-8FDC-42A3-9474-1A3956D46DE8}") = "Tests", "Tests", "{5E1C5087-172B-4BA5-B156-7592E0189195}"
EndProject
Project("{FAE04EC0-301F-11D3-BF4B-00C04F79EFBC}") = "WpfUI.UnitTests", "WpfUITests\WpfUI.UnitTests.csproj", "{C7EF0255-2224-47C6-8571-C1926FF7BCB5}"
EndProject
Project("{FAE04EC0-301F-11D3-BF4B-00C04F79EFBC}") = "WpfUI", "WpfUI\WpfUI.csproj", "{EF431B72-95ED-41B3-861A-713E3CB01B53}"
EndProject
Project("{2150E333-8FDC-42A3-9474-1A3956D46DE8}") = "Unit Tests", "Unit Tests", "{1280700C-956B-40BD-B1FD-36A0551B8BBD}"
EndProject
Project("{FAE04EC0-301F-11D3-BF4B-00C04F79EFBC}") = "Utilities.UnitTests", "Utilities.UnitTests\Utilities.UnitTests.csproj", "{0B63A9FE-6F06-4D88-BA0D-DD7E591D13D2}"
EndProject
Project("{FAE04EC0-301F-11D3-BF4B-00C04F79EFBC}") = "WpfUI.API", "WpfUI.API\WpfUI.API.csproj", "{60C1FE9C-3FD1-4155-864F-75B1B109EA00}"
EndProject
Global
	GlobalSection(SolutionConfigurationPlatforms) = preSolution
		Debug|Any CPU = Debug|Any CPU
		Release|Any CPU = Release|Any CPU
	EndGlobalSection
	GlobalSection(ProjectConfigurationPlatforms) = postSolution
		{23E551E6-F3AA-434D-A3A4-136F459A1531}.Debug|Any CPU.ActiveCfg = Debug|Any CPU
		{23E551E6-F3AA-434D-A3A4-136F459A1531}.Debug|Any CPU.Build.0 = Debug|Any CPU
		{23E551E6-F3AA-434D-A3A4-136F459A1531}.Release|Any CPU.ActiveCfg = Release|Any CPU
		{23E551E6-F3AA-434D-A3A4-136F459A1531}.Release|Any CPU.Build.0 = Release|Any CPU
		{E0A5642E-5605-466F-8A7F-3814F29191BE}.Debug|Any CPU.ActiveCfg = Debug|Any CPU
		{E0A5642E-5605-466F-8A7F-3814F29191BE}.Debug|Any CPU.Build.0 = Debug|Any CPU
		{E0A5642E-5605-466F-8A7F-3814F29191BE}.Release|Any CPU.ActiveCfg = Release|Any CPU
		{E0A5642E-5605-466F-8A7F-3814F29191BE}.Release|Any CPU.Build.0 = Release|Any CPU
		{C9698281-9747-446D-ABF8-CA59C58F0D22}.Debug|Any CPU.ActiveCfg = Debug|Any CPU
		{C9698281-9747-446D-ABF8-CA59C58F0D22}.Debug|Any CPU.Build.0 = Debug|Any CPU
		{C9698281-9747-446D-ABF8-CA59C58F0D22}.Release|Any CPU.ActiveCfg = Release|Any CPU
		{C9698281-9747-446D-ABF8-CA59C58F0D22}.Release|Any CPU.Build.0 = Release|Any CPU
		{A7595DCF-56B4-4908-A6C4-D1DC0079F616}.Debug|Any CPU.ActiveCfg = Debug|Any CPU
		{A7595DCF-56B4-4908-A6C4-D1DC0079F616}.Debug|Any CPU.Build.0 = Debug|Any CPU
		{A7595DCF-56B4-4908-A6C4-D1DC0079F616}.Release|Any CPU.ActiveCfg = Release|Any CPU
		{A7595DCF-56B4-4908-A6C4-D1DC0079F616}.Release|Any CPU.Build.0 = Release|Any CPU
		{D619C3FE-5949-456A-BF8A-76A9CA1B1C57}.Debug|Any CPU.ActiveCfg = Debug|Any CPU
		{D619C3FE-5949-456A-BF8A-76A9CA1B1C57}.Debug|Any CPU.Build.0 = Debug|Any CPU
		{D619C3FE-5949-456A-BF8A-76A9CA1B1C57}.Release|Any CPU.ActiveCfg = Release|Any CPU
		{D619C3FE-5949-456A-BF8A-76A9CA1B1C57}.Release|Any CPU.Build.0 = Release|Any CPU
		{DEF243DB-40A8-4E29-ADA0-5DCA766448AC}.Debug|Any CPU.ActiveCfg = Debug|Any CPU
		{DEF243DB-40A8-4E29-ADA0-5DCA766448AC}.Debug|Any CPU.Build.0 = Debug|Any CPU
		{DEF243DB-40A8-4E29-ADA0-5DCA766448AC}.Release|Any CPU.ActiveCfg = Release|Any CPU
		{DEF243DB-40A8-4E29-ADA0-5DCA766448AC}.Release|Any CPU.Build.0 = Release|Any CPU
		{CAB5D56C-12A3-4A92-9BC6-A28B4784725C}.Debug|Any CPU.ActiveCfg = Debug|Any CPU
		{CAB5D56C-12A3-4A92-9BC6-A28B4784725C}.Debug|Any CPU.Build.0 = Debug|Any CPU
		{CAB5D56C-12A3-4A92-9BC6-A28B4784725C}.Release|Any CPU.ActiveCfg = Release|Any CPU
		{CAB5D56C-12A3-4A92-9BC6-A28B4784725C}.Release|Any CPU.Build.0 = Release|Any CPU
		{C6D9EBF1-9288-4613-B7F9-EB4E006B6342}.Debug|Any CPU.ActiveCfg = Debug|Any CPU
		{C6D9EBF1-9288-4613-B7F9-EB4E006B6342}.Debug|Any CPU.Build.0 = Debug|Any CPU
		{C6D9EBF1-9288-4613-B7F9-EB4E006B6342}.Release|Any CPU.ActiveCfg = Release|Any CPU
		{C6D9EBF1-9288-4613-B7F9-EB4E006B6342}.Release|Any CPU.Build.0 = Release|Any CPU
		{6865004E-407F-4ABD-8D17-57CCD8F471B6}.Debug|Any CPU.ActiveCfg = Debug|Any CPU
		{6865004E-407F-4ABD-8D17-57CCD8F471B6}.Debug|Any CPU.Build.0 = Debug|Any CPU
		{6865004E-407F-4ABD-8D17-57CCD8F471B6}.Release|Any CPU.ActiveCfg = Release|Any CPU
		{6865004E-407F-4ABD-8D17-57CCD8F471B6}.Release|Any CPU.Build.0 = Release|Any CPU
		{93BD93C5-7820-495B-BDA8-A41D37E2D852}.Debug|Any CPU.ActiveCfg = Debug|Any CPU
		{93BD93C5-7820-495B-BDA8-A41D37E2D852}.Debug|Any CPU.Build.0 = Debug|Any CPU
		{93BD93C5-7820-495B-BDA8-A41D37E2D852}.Release|Any CPU.ActiveCfg = Release|Any CPU
		{93BD93C5-7820-495B-BDA8-A41D37E2D852}.Release|Any CPU.Build.0 = Release|Any CPU
		{FE714E67-AB32-4B5B-AB13-F1A58DE50935}.Debug|Any CPU.ActiveCfg = Debug|Any CPU
		{FE714E67-AB32-4B5B-AB13-F1A58DE50935}.Debug|Any CPU.Build.0 = Debug|Any CPU
		{FE714E67-AB32-4B5B-AB13-F1A58DE50935}.Release|Any CPU.ActiveCfg = Release|Any CPU
		{FE714E67-AB32-4B5B-AB13-F1A58DE50935}.Release|Any CPU.Build.0 = Release|Any CPU
		{8C2B367F-BA2F-48B7-A877-D55EA72ED9D7}.Debug|Any CPU.ActiveCfg = Debug|Any CPU
		{8C2B367F-BA2F-48B7-A877-D55EA72ED9D7}.Debug|Any CPU.Build.0 = Debug|Any CPU
		{8C2B367F-BA2F-48B7-A877-D55EA72ED9D7}.Release|Any CPU.ActiveCfg = Release|Any CPU
		{8C2B367F-BA2F-48B7-A877-D55EA72ED9D7}.Release|Any CPU.Build.0 = Release|Any CPU
		{1632B768-4973-428D-8733-8E859D1EFAB5}.Debug|Any CPU.ActiveCfg = Debug|Any CPU
		{1632B768-4973-428D-8733-8E859D1EFAB5}.Debug|Any CPU.Build.0 = Debug|Any CPU
		{1632B768-4973-428D-8733-8E859D1EFAB5}.Release|Any CPU.ActiveCfg = Release|Any CPU
		{1632B768-4973-428D-8733-8E859D1EFAB5}.Release|Any CPU.Build.0 = Release|Any CPU
		{D62FD153-1371-476A-AB0C-ABD6DFFADE6D}.Debug|Any CPU.ActiveCfg = Debug|Any CPU
		{D62FD153-1371-476A-AB0C-ABD6DFFADE6D}.Debug|Any CPU.Build.0 = Debug|Any CPU
		{D62FD153-1371-476A-AB0C-ABD6DFFADE6D}.Release|Any CPU.ActiveCfg = Release|Any CPU
		{D62FD153-1371-476A-AB0C-ABD6DFFADE6D}.Release|Any CPU.Build.0 = Release|Any CPU
		{C7EF0255-2224-47C6-8571-C1926FF7BCB5}.Debug|Any CPU.ActiveCfg = Debug|Any CPU
		{C7EF0255-2224-47C6-8571-C1926FF7BCB5}.Debug|Any CPU.Build.0 = Debug|Any CPU
		{C7EF0255-2224-47C6-8571-C1926FF7BCB5}.Release|Any CPU.ActiveCfg = Release|Any CPU
		{C7EF0255-2224-47C6-8571-C1926FF7BCB5}.Release|Any CPU.Build.0 = Release|Any CPU
		{EF431B72-95ED-41B3-861A-713E3CB01B53}.Debug|Any CPU.ActiveCfg = Debug|Any CPU
		{EF431B72-95ED-41B3-861A-713E3CB01B53}.Debug|Any CPU.Build.0 = Debug|Any CPU
		{EF431B72-95ED-41B3-861A-713E3CB01B53}.Release|Any CPU.ActiveCfg = Release|Any CPU
		{EF431B72-95ED-41B3-861A-713E3CB01B53}.Release|Any CPU.Build.0 = Release|Any CPU
		{0B63A9FE-6F06-4D88-BA0D-DD7E591D13D2}.Debug|Any CPU.ActiveCfg = Debug|Any CPU
		{0B63A9FE-6F06-4D88-BA0D-DD7E591D13D2}.Debug|Any CPU.Build.0 = Debug|Any CPU
		{0B63A9FE-6F06-4D88-BA0D-DD7E591D13D2}.Release|Any CPU.ActiveCfg = Release|Any CPU
		{0B63A9FE-6F06-4D88-BA0D-DD7E591D13D2}.Release|Any CPU.Build.0 = Release|Any CPU
		{60C1FE9C-3FD1-4155-864F-75B1B109EA00}.Debug|Any CPU.ActiveCfg = Debug|Any CPU
		{60C1FE9C-3FD1-4155-864F-75B1B109EA00}.Debug|Any CPU.Build.0 = Debug|Any CPU
		{60C1FE9C-3FD1-4155-864F-75B1B109EA00}.Release|Any CPU.ActiveCfg = Release|Any CPU
		{60C1FE9C-3FD1-4155-864F-75B1B109EA00}.Release|Any CPU.Build.0 = Release|Any CPU
	EndGlobalSection
	GlobalSection(SolutionProperties) = preSolution
		HideSolutionNode = FALSE
	EndGlobalSection
	GlobalSection(NestedProjects) = preSolution
		{E0A5642E-5605-466F-8A7F-3814F29191BE} = {5E1C5087-172B-4BA5-B156-7592E0189195}
		{D62FD153-1371-476A-AB0C-ABD6DFFADE6D} = {5E1C5087-172B-4BA5-B156-7592E0189195}
		{C7EF0255-2224-47C6-8571-C1926FF7BCB5} = {1280700C-956B-40BD-B1FD-36A0551B8BBD}
		{0B63A9FE-6F06-4D88-BA0D-DD7E591D13D2} = {1280700C-956B-40BD-B1FD-36A0551B8BBD}
	EndGlobalSection
	GlobalSection(ExtensibilityGlobals) = postSolution
		SolutionGuid = {E57C5C9C-9A7F-49D9-9B1D-1D1BC197D431}
	EndGlobalSection
EndGlobal
